
Microsoft Visual Studio Solution File, Format Version 12.00
# Visual Studio Version 16
VisualStudioVersion = 16.0.29613.14
MinimumVisualStudioVersion = 10.0.40219.1
Project("{FAE04EC0-301F-11D3-BF4B-00C04F79EFBC}") = "CenturyGolem", "CenturyGolem\CenturyGolem.csproj", "{46252261-0A33-4A87-A1B2-703DFDF4C3BC}"
EndProject
Global
	GlobalSection(SolutionConfigurationPlatforms) = preSolution
		Debug|Any CPU = Debug|Any CPU
		Release|Any CPU = Release|Any CPU
	EndGlobalSection
	GlobalSection(ProjectConfigurationPlatforms) = postSolution
		{46252261-0A33-4A87-A1B2-703DFDF4C3BC}.Debug|Any CPU.ActiveCfg = Debug|Any CPU
		{46252261-0A33-4A87-A1B2-703DFDF4C3BC}.Debug|Any CPU.Build.0 = Debug|Any CPU
		{46252261-0A33-4A87-A1B2-703DFDF4C3BC}.Release|Any CPU.ActiveCfg = Release|Any CPU
		{46252261-0A33-4A87-A1B2-703DFDF4C3BC}.Release|Any CPU.Build.0 = Release|Any CPU
	EndGlobalSection
	GlobalSection(SolutionProperties) = preSolution
		HideSolutionNode = FALSE
	EndGlobalSection
	GlobalSection(ExtensibilityGlobals) = postSolution
		SolutionGuid = {5ECBAE1E-5221-4809-989F-BF2C1F7B419D}
	EndGlobalSection
EndGlobal
